
Microsoft Visual Studio Solution File, Format Version 12.00
# Visual Studio Version 17
VisualStudioVersion = 17.3.32811.315
MinimumVisualStudioVersion = 10.0.40219.1
Project("{FAE04EC0-301F-11D3-BF4B-00C04F79EFBC}") = "Scenario_outline_demo_specflow", "Scenario_outline_demo_specflow.csproj", "{781BCB61-DE52-4754-87A6-2BAB0371572D}"
EndProject
Global
	GlobalSection(SolutionConfigurationPlatforms) = preSolution
		Debug|Any CPU = Debug|Any CPU
		Release|Any CPU = Release|Any CPU
	EndGlobalSection
	GlobalSection(ProjectConfigurationPlatforms) = postSolution
		{781BCB61-DE52-4754-87A6-2BAB0371572D}.Debug|Any CPU.ActiveCfg = Debug|Any CPU
		{781BCB61-DE52-4754-87A6-2BAB0371572D}.Debug|Any CPU.Build.0 = Debug|Any CPU
		{781BCB61-DE52-4754-87A6-2BAB0371572D}.Release|Any CPU.ActiveCfg = Release|Any CPU
		{781BCB61-DE52-4754-87A6-2BAB0371572D}.Release|Any CPU.Build.0 = Release|Any CPU
	EndGlobalSection
	GlobalSection(SolutionProperties) = preSolution
		HideSolutionNode = FALSE
	EndGlobalSection
	GlobalSection(ExtensibilityGlobals) = postSolution
		SolutionGuid = {B42E4E5D-78BC-4D75-B716-EEAD5F8E8D5D}
	EndGlobalSection
EndGlobal
